
Microsoft Visual Studio Solution File, Format Version 11.00
# Visual Studio 2010
Project("{2150E333-8FDC-42A3-9474-1A3956D46DE8}") = "APP", "APP", "{B39D468D-1F18-4E4D-9B2C-3E7E92EDF737}"
EndProject
Project("{2150E333-8FDC-42A3-9474-1A3956D46DE8}") = "Framework", "Framework", "{63C463D0-3677-4B15-A377-1A8321592E75}"
EndProject
Project("{FAE04EC0-301F-11D3-BF4B-00C04F79EFBC}") = "lib.Class", "..\Framework\lib.class\lib.Class.csproj", "{4A3F7BED-010A-48C8-8673-E484F0148BA8}"
EndProject
Project("{FAE04EC0-301F-11D3-BF4B-00C04F79EFBC}") = "lib.Database", "..\Framework\lib.Database\lib.Database.csproj", "{B564DD07-F3C6-4B4A-AAC2-C0FAF8F9ADCC}"
EndProject
Project("{FAE04EC0-301F-11D3-BF4B-00C04F79EFBC}") = "lib.Visual", "..\Framework\lib.Visual\lib.Visual.csproj", "{E168A2F0-C4C5-48C9-B915-CC88BFAE8980}"
EndProject
Project("{2150E333-8FDC-42A3-9474-1A3956D46DE8}") = "SqlWebReport", "SqlWebReport", "{17D3F4B6-064C-4932-9156-A6CAAF52C498}"
EndProject
Project("{FAE04EC0-301F-11D3-BF4B-00C04F79EFBC}") = "SqlWebReport", "..\SqlWebReport\SqlWebReport\SqlWebReport.csproj", "{642480E9-C332-4C3B-A2D3-809E70834C0E}"
EndProject
Project("{FAE04EC0-301F-11D3-BF4B-00C04F79EFBC}") = "SwrForms", "..\SqlWebReport\SwrForms\SwrForms.csproj", "{ABA3D371-9B6C-4B09-B216-801B056CF3D6}"
EndProject
Project("{FAE04EC0-301F-11D3-BF4B-00C04F79EFBC}") = "Teste", "..\Framework\Teste\Teste.csproj", "{F9514C39-E8E3-416A-AF2B-9D76CACA8864}"
EndProject
Project("{FAE04EC0-301F-11D3-BF4B-00C04F79EFBC}") = "lib.Visual.Database", "..\Framework\lib.Visual.Database\lib.Visual.Database.csproj", "{26DA8323-7672-42AC-A3DB-0501ED6C4212}"
EndProject
Project("{2150E333-8FDC-42A3-9474-1A3956D46DE8}") = "WEB", "WEB", "{B5464F9C-AB56-4307-8BB1-0270A5EED92A}"
EndProject
Project("{FAE04EC0-301F-11D3-BF4B-00C04F79EFBC}") = "WebConsole", "WebConsole\WebConsole.csproj", "{F5F02AE6-6A84-45A6-9D9A-68220942BFA3}"
EndProject
Project("{FAE04EC0-301F-11D3-BF4B-00C04F79EFBC}") = "RckInstaller", "..\Framework\RckInstaller\RckInstaller.csproj", "{1DB031D4-25A7-4DBB-9D6F-53816E6C1700}"
EndProject
Project("{FAE04EC0-301F-11D3-BF4B-00C04F79EFBC}") = "DbConsole", "DbConsole\DbConsole.csproj", "{2E941114-CA0B-465C-AA12-5662AC1DBA42}"
EndProject
Project("{FAE04EC0-301F-11D3-BF4B-00C04F79EFBC}") = "lib.Entity", "..\Framework\lib.Entity\lib.Entity.csproj", "{BDCF9969-B9CD-457E-8711-E74E52563966}"
EndProject
Global
	GlobalSection(SubversionScc) = preSolution
		Svn-Managed = True
		Manager = AnkhSVN - Subversion Support for Visual Studio
	EndGlobalSection
	GlobalSection(SolutionConfigurationPlatforms) = preSolution
		Debug|Any CPU = Debug|Any CPU
		Debug|Mixed Platforms = Debug|Mixed Platforms
		Debug|x86 = Debug|x86
		Release|Any CPU = Release|Any CPU
		Release|Mixed Platforms = Release|Mixed Platforms
		Release|x86 = Release|x86
	EndGlobalSection
	GlobalSection(ProjectConfigurationPlatforms) = postSolution
		{4A3F7BED-010A-48C8-8673-E484F0148BA8}.Debug|Any CPU.ActiveCfg = Debug|Any CPU
		{4A3F7BED-010A-48C8-8673-E484F0148BA8}.Debug|Any CPU.Build.0 = Debug|Any CPU
		{4A3F7BED-010A-48C8-8673-E484F0148BA8}.Debug|Mixed Platforms.ActiveCfg = Debug|Any CPU
		{4A3F7BED-010A-48C8-8673-E484F0148BA8}.Debug|Mixed Platforms.Build.0 = Debug|Any CPU
		{4A3F7BED-010A-48C8-8673-E484F0148BA8}.Debug|x86.ActiveCfg = Debug|Any CPU
		{4A3F7BED-010A-48C8-8673-E484F0148BA8}.Release|Any CPU.ActiveCfg = Release|Any CPU
		{4A3F7BED-010A-48C8-8673-E484F0148BA8}.Release|Any CPU.Build.0 = Release|Any CPU
		{4A3F7BED-010A-48C8-8673-E484F0148BA8}.Release|Mixed Platforms.ActiveCfg = Release|Any CPU
		{4A3F7BED-010A-48C8-8673-E484F0148BA8}.Release|Mixed Platforms.Build.0 = Release|Any CPU
		{4A3F7BED-010A-48C8-8673-E484F0148BA8}.Release|x86.ActiveCfg = Release|Any CPU
		{B564DD07-F3C6-4B4A-AAC2-C0FAF8F9ADCC}.Debug|Any CPU.ActiveCfg = Debug|Any CPU
		{B564DD07-F3C6-4B4A-AAC2-C0FAF8F9ADCC}.Debug|Any CPU.Build.0 = Debug|Any CPU
		{B564DD07-F3C6-4B4A-AAC2-C0FAF8F9ADCC}.Debug|Mixed Platforms.ActiveCfg = Debug|Any CPU
		{B564DD07-F3C6-4B4A-AAC2-C0FAF8F9ADCC}.Debug|Mixed Platforms.Build.0 = Debug|Any CPU
		{B564DD07-F3C6-4B4A-AAC2-C0FAF8F9ADCC}.Debug|x86.ActiveCfg = Debug|Any CPU
		{B564DD07-F3C6-4B4A-AAC2-C0FAF8F9ADCC}.Release|Any CPU.ActiveCfg = Release|Any CPU
		{B564DD07-F3C6-4B4A-AAC2-C0FAF8F9ADCC}.Release|Any CPU.Build.0 = Release|Any CPU
		{B564DD07-F3C6-4B4A-AAC2-C0FAF8F9ADCC}.Release|Mixed Platforms.ActiveCfg = Release|Any CPU
		{B564DD07-F3C6-4B4A-AAC2-C0FAF8F9ADCC}.Release|Mixed Platforms.Build.0 = Release|Any CPU
		{B564DD07-F3C6-4B4A-AAC2-C0FAF8F9ADCC}.Release|x86.ActiveCfg = Release|Any CPU
		{E168A2F0-C4C5-48C9-B915-CC88BFAE8980}.Debug|Any CPU.ActiveCfg = Debug|Any CPU
		{E168A2F0-C4C5-48C9-B915-CC88BFAE8980}.Debug|Any CPU.Build.0 = Debug|Any CPU
		{E168A2F0-C4C5-48C9-B915-CC88BFAE8980}.Debug|Mixed Platforms.ActiveCfg = Debug|Any CPU
		{E168A2F0-C4C5-48C9-B915-CC88BFAE8980}.Debug|Mixed Platforms.Build.0 = Debug|Any CPU
		{E168A2F0-C4C5-48C9-B915-CC88BFAE8980}.Debug|x86.ActiveCfg = Debug|Any CPU
		{E168A2F0-C4C5-48C9-B915-CC88BFAE8980}.Release|Any CPU.ActiveCfg = Release|Any CPU
		{E168A2F0-C4C5-48C9-B915-CC88BFAE8980}.Release|Any CPU.Build.0 = Release|Any CPU
		{E168A2F0-C4C5-48C9-B915-CC88BFAE8980}.Release|Mixed Platforms.ActiveCfg = Release|Any CPU
		{E168A2F0-C4C5-48C9-B915-CC88BFAE8980}.Release|Mixed Platforms.Build.0 = Release|Any CPU
		{E168A2F0-C4C5-48C9-B915-CC88BFAE8980}.Release|x86.ActiveCfg = Release|Any CPU
		{642480E9-C332-4C3B-A2D3-809E70834C0E}.Debug|Any CPU.ActiveCfg = Debug|Any CPU
		{642480E9-C332-4C3B-A2D3-809E70834C0E}.Debug|Any CPU.Build.0 = Debug|Any CPU
		{642480E9-C332-4C3B-A2D3-809E70834C0E}.Debug|Mixed Platforms.ActiveCfg = Debug|Any CPU
		{642480E9-C332-4C3B-A2D3-809E70834C0E}.Debug|Mixed Platforms.Build.0 = Debug|Any CPU
		{642480E9-C332-4C3B-A2D3-809E70834C0E}.Debug|x86.ActiveCfg = Debug|Any CPU
		{642480E9-C332-4C3B-A2D3-809E70834C0E}.Release|Any CPU.ActiveCfg = Release|Any CPU
		{642480E9-C332-4C3B-A2D3-809E70834C0E}.Release|Any CPU.Build.0 = Release|Any CPU
		{642480E9-C332-4C3B-A2D3-809E70834C0E}.Release|Mixed Platforms.ActiveCfg = Release|Any CPU
		{642480E9-C332-4C3B-A2D3-809E70834C0E}.Release|Mixed Platforms.Build.0 = Release|Any CPU
		{642480E9-C332-4C3B-A2D3-809E70834C0E}.Release|x86.ActiveCfg = Release|Any CPU
		{ABA3D371-9B6C-4B09-B216-801B056CF3D6}.Debug|Any CPU.ActiveCfg = Debug|Any CPU
		{ABA3D371-9B6C-4B09-B216-801B056CF3D6}.Debug|Any CPU.Build.0 = Debug|Any CPU
		{ABA3D371-9B6C-4B09-B216-801B056CF3D6}.Debug|Mixed Platforms.ActiveCfg = Debug|Any CPU
		{ABA3D371-9B6C-4B09-B216-801B056CF3D6}.Debug|Mixed Platforms.Build.0 = Debug|Any CPU
		{ABA3D371-9B6C-4B09-B216-801B056CF3D6}.Debug|x86.ActiveCfg = Debug|Any CPU
		{ABA3D371-9B6C-4B09-B216-801B056CF3D6}.Release|Any CPU.ActiveCfg = Release|Any CPU
		{ABA3D371-9B6C-4B09-B216-801B056CF3D6}.Release|Any CPU.Build.0 = Release|Any CPU
		{ABA3D371-9B6C-4B09-B216-801B056CF3D6}.Release|Mixed Platforms.ActiveCfg = Release|Any CPU
		{ABA3D371-9B6C-4B09-B216-801B056CF3D6}.Release|Mixed Platforms.Build.0 = Release|Any CPU
		{ABA3D371-9B6C-4B09-B216-801B056CF3D6}.Release|x86.ActiveCfg = Release|Any CPU
		{F9514C39-E8E3-416A-AF2B-9D76CACA8864}.Debug|Any CPU.ActiveCfg = Debug|Any CPU
		{F9514C39-E8E3-416A-AF2B-9D76CACA8864}.Debug|Any CPU.Build.0 = Debug|Any CPU
		{F9514C39-E8E3-416A-AF2B-9D76CACA8864}.Debug|Mixed Platforms.ActiveCfg = Debug|Any CPU
		{F9514C39-E8E3-416A-AF2B-9D76CACA8864}.Debug|Mixed Platforms.Build.0 = Debug|Any CPU
		{F9514C39-E8E3-416A-AF2B-9D76CACA8864}.Debug|x86.ActiveCfg = Debug|Any CPU
		{F9514C39-E8E3-416A-AF2B-9D76CACA8864}.Release|Any CPU.ActiveCfg = Release|Any CPU
		{F9514C39-E8E3-416A-AF2B-9D76CACA8864}.Release|Any CPU.Build.0 = Release|Any CPU
		{F9514C39-E8E3-416A-AF2B-9D76CACA8864}.Release|Mixed Platforms.ActiveCfg = Release|Any CPU
		{F9514C39-E8E3-416A-AF2B-9D76CACA8864}.Release|Mixed Platforms.Build.0 = Release|Any CPU
		{F9514C39-E8E3-416A-AF2B-9D76CACA8864}.Release|x86.ActiveCfg = Release|Any CPU
		{26DA8323-7672-42AC-A3DB-0501ED6C4212}.Debug|Any CPU.ActiveCfg = Debug|Any CPU
		{26DA8323-7672-42AC-A3DB-0501ED6C4212}.Debug|Any CPU.Build.0 = Debug|Any CPU
		{26DA8323-7672-42AC-A3DB-0501ED6C4212}.Debug|Mixed Platforms.ActiveCfg = Debug|Any CPU
		{26DA8323-7672-42AC-A3DB-0501ED6C4212}.Debug|Mixed Platforms.Build.0 = Debug|Any CPU
		{26DA8323-7672-42AC-A3DB-0501ED6C4212}.Debug|x86.ActiveCfg = Debug|Any CPU
		{26DA8323-7672-42AC-A3DB-0501ED6C4212}.Release|Any CPU.ActiveCfg = Release|Any CPU
		{26DA8323-7672-42AC-A3DB-0501ED6C4212}.Release|Any CPU.Build.0 = Release|Any CPU
		{26DA8323-7672-42AC-A3DB-0501ED6C4212}.Release|Mixed Platforms.ActiveCfg = Release|Any CPU
		{26DA8323-7672-42AC-A3DB-0501ED6C4212}.Release|Mixed Platforms.Build.0 = Release|Any CPU
		{26DA8323-7672-42AC-A3DB-0501ED6C4212}.Release|x86.ActiveCfg = Release|Any CPU
		{F5F02AE6-6A84-45A6-9D9A-68220942BFA3}.Debug|Any CPU.ActiveCfg = Debug|Any CPU
		{F5F02AE6-6A84-45A6-9D9A-68220942BFA3}.Debug|Any CPU.Build.0 = Debug|Any CPU
		{F5F02AE6-6A84-45A6-9D9A-68220942BFA3}.Debug|Mixed Platforms.ActiveCfg = Debug|Any CPU
		{F5F02AE6-6A84-45A6-9D9A-68220942BFA3}.Debug|Mixed Platforms.Build.0 = Debug|Any CPU
		{F5F02AE6-6A84-45A6-9D9A-68220942BFA3}.Debug|x86.ActiveCfg = Debug|Any CPU
		{F5F02AE6-6A84-45A6-9D9A-68220942BFA3}.Release|Any CPU.ActiveCfg = Release|Any CPU
		{F5F02AE6-6A84-45A6-9D9A-68220942BFA3}.Release|Any CPU.Build.0 = Release|Any CPU
		{F5F02AE6-6A84-45A6-9D9A-68220942BFA3}.Release|Mixed Platforms.ActiveCfg = Release|Any CPU
		{F5F02AE6-6A84-45A6-9D9A-68220942BFA3}.Release|Mixed Platforms.Build.0 = Release|Any CPU
		{F5F02AE6-6A84-45A6-9D9A-68220942BFA3}.Release|x86.ActiveCfg = Release|Any CPU
		{1DB031D4-25A7-4DBB-9D6F-53816E6C1700}.Debug|Any CPU.ActiveCfg = Debug|x86
		{1DB031D4-25A7-4DBB-9D6F-53816E6C1700}.Debug|Mixed Platforms.ActiveCfg = Debug|x86
		{1DB031D4-25A7-4DBB-9D6F-53816E6C1700}.Debug|Mixed Platforms.Build.0 = Debug|x86
		{1DB031D4-25A7-4DBB-9D6F-53816E6C1700}.Debug|x86.ActiveCfg = Debug|x86
		{1DB031D4-25A7-4DBB-9D6F-53816E6C1700}.Debug|x86.Build.0 = Debug|x86
		{1DB031D4-25A7-4DBB-9D6F-53816E6C1700}.Release|Any CPU.ActiveCfg = Release|x86
		{1DB031D4-25A7-4DBB-9D6F-53816E6C1700}.Release|Mixed Platforms.ActiveCfg = Release|x86
		{1DB031D4-25A7-4DBB-9D6F-53816E6C1700}.Release|Mixed Platforms.Build.0 = Release|x86
		{1DB031D4-25A7-4DBB-9D6F-53816E6C1700}.Release|x86.ActiveCfg = Release|x86
		{1DB031D4-25A7-4DBB-9D6F-53816E6C1700}.Release|x86.Build.0 = Release|x86
		{2E941114-CA0B-465C-AA12-5662AC1DBA42}.Debug|Any CPU.ActiveCfg = Debug|x86
		{2E941114-CA0B-465C-AA12-5662AC1DBA42}.Debug|Mixed Platforms.ActiveCfg = Debug|x86
		{2E941114-CA0B-465C-AA12-5662AC1DBA42}.Debug|Mixed Platforms.Build.0 = Debug|x86
		{2E941114-CA0B-465C-AA12-5662AC1DBA42}.Debug|x86.ActiveCfg = Debug|x86
		{2E941114-CA0B-465C-AA12-5662AC1DBA42}.Debug|x86.Build.0 = Debug|x86
		{2E941114-CA0B-465C-AA12-5662AC1DBA42}.Release|Any CPU.ActiveCfg = Release|x86
		{2E941114-CA0B-465C-AA12-5662AC1DBA42}.Release|Mixed Platforms.ActiveCfg = Release|x86
		{2E941114-CA0B-465C-AA12-5662AC1DBA42}.Release|Mixed Platforms.Build.0 = Release|x86
		{2E941114-CA0B-465C-AA12-5662AC1DBA42}.Release|x86.ActiveCfg = Release|x86
		{2E941114-CA0B-465C-AA12-5662AC1DBA42}.Release|x86.Build.0 = Release|x86
		{BDCF9969-B9CD-457E-8711-E74E52563966}.Debug|Any CPU.ActiveCfg = Debug|Any CPU
		{BDCF9969-B9CD-457E-8711-E74E52563966}.Debug|Any CPU.Build.0 = Debug|Any CPU
		{BDCF9969-B9CD-457E-8711-E74E52563966}.Debug|Mixed Platforms.ActiveCfg = Debug|Any CPU
		{BDCF9969-B9CD-457E-8711-E74E52563966}.Debug|Mixed Platforms.Build.0 = Debug|Any CPU
		{BDCF9969-B9CD-457E-8711-E74E52563966}.Debug|x86.ActiveCfg = Debug|Any CPU
		{BDCF9969-B9CD-457E-8711-E74E52563966}.Release|Any CPU.ActiveCfg = Release|Any CPU
		{BDCF9969-B9CD-457E-8711-E74E52563966}.Release|Any CPU.Build.0 = Release|Any CPU
		{BDCF9969-B9CD-457E-8711-E74E52563966}.Release|Mixed Platforms.ActiveCfg = Release|Any CPU
		{BDCF9969-B9CD-457E-8711-E74E52563966}.Release|Mixed Platforms.Build.0 = Release|Any CPU
		{BDCF9969-B9CD-457E-8711-E74E52563966}.Release|x86.ActiveCfg = Release|Any CPU
	EndGlobalSection
	GlobalSection(SolutionProperties) = preSolution
		HideSolutionNode = FALSE
	EndGlobalSection
	GlobalSection(NestedProjects) = preSolution
		{2E941114-CA0B-465C-AA12-5662AC1DBA42} = {B39D468D-1F18-4E4D-9B2C-3E7E92EDF737}
		{4A3F7BED-010A-48C8-8673-E484F0148BA8} = {63C463D0-3677-4B15-A377-1A8321592E75}
		{B564DD07-F3C6-4B4A-AAC2-C0FAF8F9ADCC} = {63C463D0-3677-4B15-A377-1A8321592E75}
		{E168A2F0-C4C5-48C9-B915-CC88BFAE8980} = {63C463D0-3677-4B15-A377-1A8321592E75}
		{F9514C39-E8E3-416A-AF2B-9D76CACA8864} = {63C463D0-3677-4B15-A377-1A8321592E75}
		{26DA8323-7672-42AC-A3DB-0501ED6C4212} = {63C463D0-3677-4B15-A377-1A8321592E75}
		{1DB031D4-25A7-4DBB-9D6F-53816E6C1700} = {63C463D0-3677-4B15-A377-1A8321592E75}
		{BDCF9969-B9CD-457E-8711-E74E52563966} = {63C463D0-3677-4B15-A377-1A8321592E75}
		{642480E9-C332-4C3B-A2D3-809E70834C0E} = {17D3F4B6-064C-4932-9156-A6CAAF52C498}
		{ABA3D371-9B6C-4B09-B216-801B056CF3D6} = {17D3F4B6-064C-4932-9156-A6CAAF52C498}
		{F5F02AE6-6A84-45A6-9D9A-68220942BFA3} = {B5464F9C-AB56-4307-8BB1-0270A5EED92A}
	EndGlobalSection
EndGlobal
